{
  "name": "nodejs-customersync",
  "version": "1.0.0",
  "lockfileVersion": 3,
  "requires": true,
  "packages": {
    "": {
      "name": "nodejs-customersync",
      "version": "1.0.0",
      "license": "ISC",
      "dependencies": {
        "dotenv": "^16.4.7",
        "oracledb": "^6.7.2"
      }
    },
    "node_modules/dotenv": {
      "version": "16.4.7",
      "resolved": "https://registry.npmjs.org/dotenv/-/dotenv-16.4.7.tgz",
      "integrity": "sha512-47qPchRCykZC03FhkYAhrvwU4xDBFIj1QPqaarj6mdM/hgUzfPHcpkHJOn3mJAufFeeAxAzeGsr5X0M4k6fLZQ==",
      "license": "BSD-2-Clause",
      "engines": {
        "node": ">=12"
      },
      "funding": {
        "url": "https://dotenvx.com"
      }
    },
    "node_modules/oracledb": {
      "version": "6.7.2",
      "resolved": "https://registry.npmjs.org/oracledb/-/oracledb-6.7.2.tgz",
      "integrity": "sha512-fdHnGyI9VJ84HWEQLdhqmkFmrFRCi2CJ/xrZplRAyXrD+oL70f0WzQ0OBEBcHsOAdxKgpnTwm4bdyuIPQDgUgQ==",
      "hasInstallScript": true,
      "license": "(Apache-2.0 OR UPL-1.0)",
      "engines": {
        "node": ">=14.6"
      }
    }
  }
}
